
Microsoft Visual Studio Solution File, Format Version 12.00
# Visual Studio Version 16
VisualStudioVersion = 25.0.1705.4
MinimumVisualStudioVersion = 10.0.40219.1
Project("{FAE04EC0-301F-11D3-BF4B-00C04F79EFBC}") = "my-project", "my-project\my-project.csproj", "{06F8874F-ABFC-4BDA-888D-068AE1588284}"
EndProject
Global
	GlobalSection(SolutionConfigurationPlatforms) = preSolution
		Debug|Any CPU = Debug|Any CPU
		Release|Any CPU = Release|Any CPU
	EndGlobalSection
	GlobalSection(ProjectConfigurationPlatforms) = postSolution
		{06F8874F-ABFC-4BDA-888D-068AE1588284}.Debug|Any CPU.ActiveCfg = Debug|Any CPU
		{06F8874F-ABFC-4BDA-888D-068AE1588284}.Debug|Any CPU.Build.0 = Debug|Any CPU
		{06F8874F-ABFC-4BDA-888D-068AE1588284}.Release|Any CPU.ActiveCfg = Release|Any CPU
		{06F8874F-ABFC-4BDA-888D-068AE1588284}.Release|Any CPU.Build.0 = Release|Any CPU
	EndGlobalSection
	GlobalSection(SolutionProperties) = preSolution
		HideSolutionNode = FALSE
	EndGlobalSection
	GlobalSection(ExtensibilityGlobals) = postSolution
		SolutionGuid = {45F04B89-E6DA-4303-8408-7CCDC99F3EC7}
	EndGlobalSection
EndGlobal
